{
  "name": ".dev-config",
  "lockfileVersion": 2,
  "requires": true,
  "packages": {
    "": {
      "dependencies": {
        "coc-clangd": "^0.30.2"
      }
    },
    "node_modules/coc-clangd": {
      "version": "0.30.2",
      "resolved": "https://registry.npmjs.org/coc-clangd/-/coc-clangd-0.30.2.tgz",
      "integrity": "sha512-3ctQTOGa0f1EnvDmUyOr5Rrm9t10MK6nRQ9rnFefdNPFeAPfp9L6Puu3DDXB/YpKbeMqNWnQnVUPI3F65+kqfQ==",
      "engines": {
        "coc": "^0.0.80"
      }
    }
  },
  "dependencies": {
    "coc-clangd": {
      "version": "0.30.2",
      "resolved": "https://registry.npmjs.org/coc-clangd/-/coc-clangd-0.30.2.tgz",
      "integrity": "sha512-3ctQTOGa0f1EnvDmUyOr5Rrm9t10MK6nRQ9rnFefdNPFeAPfp9L6Puu3DDXB/YpKbeMqNWnQnVUPI3F65+kqfQ=="
    }
  }
}
